
Microsoft Visual Studio Solution File, Format Version 12.00
Project("{FAE04EC0-301F-11D3-BF4B-00C04F79EFBC}") = "ArticleManagementApi", "ArticleManagementApi\ArticleManagementApi.csproj", "{1E22C1C6-DCA1-498F-A101-F81BBA49B829}"
EndProject
Global
	GlobalSection(SolutionConfigurationPlatforms) = preSolution
		Debug|Any CPU = Debug|Any CPU
		Release|Any CPU = Release|Any CPU
	EndGlobalSection
	GlobalSection(ProjectConfigurationPlatforms) = postSolution
		{1E22C1C6-DCA1-498F-A101-F81BBA49B829}.Debug|Any CPU.ActiveCfg = Debug|Any CPU
		{1E22C1C6-DCA1-498F-A101-F81BBA49B829}.Debug|Any CPU.Build.0 = Debug|Any CPU
		{1E22C1C6-DCA1-498F-A101-F81BBA49B829}.Release|Any CPU.ActiveCfg = Release|Any CPU
		{1E22C1C6-DCA1-498F-A101-F81BBA49B829}.Release|Any CPU.Build.0 = Release|Any CPU
	EndGlobalSection
EndGlobal
